
Microsoft Visual Studio Solution File, Format Version 12.00
# Visual Studio 15
VisualStudioVersion = 15.0.27130.2027
MinimumVisualStudioVersion = 10.0.40219.1
Project("{FAE04EC0-301F-11D3-BF4B-00C04F79EFBC}") = "Sbanken.DotNet", "Sbanken.DotNet\Sbanken.DotNet.csproj", "{CF72BED8-14A0-4833-8FE2-DC0376E4D458}"
EndProject
Global
	GlobalSection(SolutionConfigurationPlatforms) = preSolution
		Debug|Any CPU = Debug|Any CPU
		Release|Any CPU = Release|Any CPU
	EndGlobalSection
	GlobalSection(ProjectConfigurationPlatforms) = postSolution
		{CF72BED8-14A0-4833-8FE2-DC0376E4D458}.Debug|Any CPU.ActiveCfg = Debug|Any CPU
		{CF72BED8-14A0-4833-8FE2-DC0376E4D458}.Debug|Any CPU.Build.0 = Debug|Any CPU
		{CF72BED8-14A0-4833-8FE2-DC0376E4D458}.Release|Any CPU.ActiveCfg = Release|Any CPU
		{CF72BED8-14A0-4833-8FE2-DC0376E4D458}.Release|Any CPU.Build.0 = Release|Any CPU
	EndGlobalSection
	GlobalSection(SolutionProperties) = preSolution
		HideSolutionNode = FALSE
	EndGlobalSection
	GlobalSection(ExtensibilityGlobals) = postSolution
		SolutionGuid = {B2CA375E-B673-4A93-88EC-B675D5A03785}
	EndGlobalSection
EndGlobal
